
Microsoft Visual Studio Solution File, Format Version 12.00
# Visual Studio Version 17
VisualStudioVersion = 17.0.32112.339
MinimumVisualStudioVersion = 10.0.40219.1
Project("{FAE04EC0-301F-11D3-BF4B-00C04F79EFBC}") = "Winform_1", "Winform_1\Winform_1.csproj", "{46F7D0D5-40B8-425F-87DF-541E4D0B9221}"
EndProject
Global
	GlobalSection(SolutionConfigurationPlatforms) = preSolution
		Debug|Any CPU = Debug|Any CPU
		Release|Any CPU = Release|Any CPU
	EndGlobalSection
	GlobalSection(ProjectConfigurationPlatforms) = postSolution
		{46F7D0D5-40B8-425F-87DF-541E4D0B9221}.Debug|Any CPU.ActiveCfg = Debug|Any CPU
		{46F7D0D5-40B8-425F-87DF-541E4D0B9221}.Debug|Any CPU.Build.0 = Debug|Any CPU
		{46F7D0D5-40B8-425F-87DF-541E4D0B9221}.Release|Any CPU.ActiveCfg = Release|Any CPU
		{46F7D0D5-40B8-425F-87DF-541E4D0B9221}.Release|Any CPU.Build.0 = Release|Any CPU
	EndGlobalSection
	GlobalSection(SolutionProperties) = preSolution
		HideSolutionNode = FALSE
	EndGlobalSection
	GlobalSection(ExtensibilityGlobals) = postSolution
		SolutionGuid = {AB55AECC-96E0-4911-A733-84D0E2823632}
	EndGlobalSection
EndGlobal
